Microsoft Visual Studio Solution File, Format Version 12.00
# Visual Studio Version 17
VisualStudioVersion = 17.13.35828.75
MinimumVisualStudioVersion = 10.0.40219.1
Project("{FAE04EC0-301F-11D3-BF4B-00C04F79EFBC}") = "WordWizard", "WordWizard.csproj", "{CBD012CE-EEA2-4800-BD14-EDEC860884C8}"
EndProject
Global
	GlobalSection(SolutionConfigurationPlatforms) = preSolution
		Debug|Any CPU = Debug|Any CPU
		Release|Any CPU = Release|Any CPU
	EndGlobalSection
	GlobalSection(ProjectConfigurationPlatforms) = postSolution
		{CBD012CE-EEA2-4800-BD14-EDEC860884C8}.Debug|Any CPU.ActiveCfg = Debug|Any CPU
		{CBD012CE-EEA2-4800-BD14-EDEC860884C8}.Debug|Any CPU.Build.0 = Debug|Any CPU
		{CBD012CE-EEA2-4800-BD14-EDEC860884C8}.Release|Any CPU.ActiveCfg = Release|Any CPU
		{CBD012CE-EEA2-4800-BD14-EDEC860884C8}.Release|Any CPU.Build.0 = Release|Any CPU
	EndGlobalSection
	GlobalSection(SolutionProperties) = preSolution
		HideSolutionNode = FALSE
	EndGlobalSection
	GlobalSection(ExtensibilityGlobals) = postSolution
		SolutionGuid = {090A545C-DC9A-48AF-8613-8DE687148FF9}
	EndGlobalSection
EndGlobal
